// !$*UTF8*$!
{
	archiveVersion = 1;
	classes = {
	};
	objectVersion = 50;
	objects = {

/* Begin PBXBuildFile section */
		7A3567B92554510F006B30E5 /* MyViewController.swift in Sources */ = {isa = PBXBuildFile; fileRef = 7A3567B82554510F006B30E5 /* MyViewController.swift */; };
		7AEDC8802551B1BA005ED85D /* AppDelegate.swift in Sources */ = {isa = PBXBuildFile; fileRef = 7AEDC87F2551B1BA005ED85D /* AppDelegate.swift */; };
		7AEDC8822551B1BA005ED85D /* SceneDelegate.swift in Sources */ = {isa = PBXBuildFile; fileRef = 7AEDC8812551B1BA005ED85D /* SceneDelegate.swift */; };
		7AEDC8842551B1BA005ED85D /* ViewController.swift in Sources */ = {isa = PBXBuildFile; fileRef = 7AEDC8832551B1BA005ED85D /* ViewController.swift */; };
		7AEDC8872551B1BA005ED85D /* Main.storyboard in Resources */ = {isa = PBXBuildFile; fileRef = 7AEDC8852551B1BA005ED85D /* Main.storyboard */; };
		7AEDC8892551B1BC005ED85D /* Assets.xcassets in Resources */ = {isa = PBXBuildFile; fileRef = 7AEDC8882551B1BC005ED85D /* Assets.xcassets */; };
		7AEDC88C2551B1BC005ED85D /* LaunchScreen.storyboard in Resources */ = {isa = PBXBuildFile; fileRef = 7AEDC88A2551B1BC005ED85D /* LaunchScreen.storyboard */; };
/* End PBXBuildFile section */

/* Begin PBXFileReference section */
		7A3567B82554510F006B30E5 /* MyViewController.swift */ = {isa = PBXFileReference; lastKnownFileType = sourcecode.swift; path = MyViewController.swift; sourceTree = "<group>"; };
		7AEDC87C2551B1BA005ED85D /* Test_10-26.app */ = {isa = PBXFileReference; explicitFileType = wrapper.application; includeInIndex = 0; path = "Test_10-26.app"; sourceTree = BUILT_PRODUCTS_DIR; };
		7AEDC87F2551B1BA005ED85D /* AppDelegate.swift */ = {isa = PBXFileReference; lastKnownFileType = sourcecode.swift; path = AppDelegate.swift; sourceTree = "<group>"; };
		7AEDC8812551B1BA005ED85D /* SceneDelegate.swift */ = {isa = PBXFileReference; lastKnownFileType = sourcecode.swift; path = SceneDelegate.swift; sourceTree = "<group>"; };
		7AEDC8832551B1BA005ED85D /* ViewController.swift */ = {isa = PBXFileReference; lastKnownFileType = sourcecode.swift; path = ViewController.swift; sourceTree = "<group>"; };
		7AEDC8862551B1BA005ED85D /* Base */ = {isa = PBXFileReference; lastKnownFileType = file.storyboard; name = Base; path = Base.lproj/Main.storyboard; sourceTree = "<group>"; };
		7AEDC8882551B1BC005ED85D /* Assets.xcassets */ = {isa = PBXFileReference; lastKnownFileType = folder.assetcatalog; path = Assets.xcassets; sourceTree = "<group>"; };
		7AEDC88B2551B1BC005ED85D /* Base */ = {isa = PBXFileReference; lastKnownFileType = file.storyboard; name = Base; path = Base.lproj/LaunchScreen.storyboard; sourceTree = "<group>"; };
		7AEDC88D2551B1BC005ED85D /* Info.plist */ = {isa = PBXFileReference; lastKnownFileType = text.plist.xml; path = Info.plist; sourceTree = "<group>"; };
/* End PBXFileReference section */

/* Begin PBXFrameworksBuildPhase section */
		7AEDC8792551B1BA005ED85D /* Frameworks */ = {
			isa = PBXFrameworksBuildPhase;
			buildActionMask = 2147483647;
			files = (
			);
			runOnlyForDeploymentPostprocessing = 0;
		};
/* End PBXFrameworksBuildPhase section */

/* Begin PBXGroup section */
		7AEDC8732551B1BA005ED85D = {
			isa = PBXGroup;
			children = (
				7AEDC87E2551B1BA005ED85D /* Test_10-26 */,
				7AEDC87D2551B1BA005ED85D /* Products */,
			);
			sourceTree = "<group>";
		};
		7AEDC87D2551B1BA005ED85D /* Products */ = {
			isa = PBXGroup;
			children = (
				7AEDC87C2551B1BA005ED85D /* Test_10-26.app */,
			);
			name = Products;
			sourceTree = "<group>";
		};
		7AEDC87E2551B1BA005ED85D /* Test_10-26 */ = {
			isa = PBXGroup;
			children = (
				7AEDC87F2551B1BA005ED85D /* AppDelegate.swift */,
				7AEDC8812551B1BA005ED85D /* SceneDelegate.swift */,
				7AEDC8832551B1BA005ED85D /* ViewController.swift */,
				7AEDC8852551B1BA005ED85D /* Main.storyboard */,
				7AEDC8882551B1BC005ED85D /* Assets.xcassets */,
				7AEDC88A2551B1BC005ED85D /* LaunchScreen.storyboard */,
				7AEDC88D2551B1BC005ED85D /* Info.plist */,
				7A3567B82554510F006B30E5 /* MyViewController.swift */,
			);
			path = "Test_10-26";
			sourceTree = "<group>";
		};
/* End PBXGroup section */

/* Begin PBXNativeTarget section */
		7AEDC87B2551B1BA005ED85D /* Test_10-26 */ = {
			isa = PBXNativeTarget;
			buildConfigurationList = 7AEDC8902551B1BC005ED85D /* Build configuration list for PBXNativeTarget "Test_10-26" */;
			buildPhases = (
				7AEDC8782551B1BA005ED85D /* Sources */,
				7AEDC8792551B1BA005ED85D /* Frameworks */,
				7AEDC87A2551B1BA005ED85D /* Resources */,
			);
			buildRules = (
			);
			dependencies = (
			);
			name = "Test_10-26";
			productName = "Test_10-26";
			productReference = 7AEDC87C2551B1BA005ED85D /* Test_10-26.app */;
			productType = "com.apple.product-type.application";
		};
/* End PBXNativeTarget section */

/* Begin PBXProject section */
		7AEDC8742551B1BA005ED85D /* Project object */ = {
			isa = PBXProject;
			attributes = {
				LastSwiftUpdateCheck = 1200;
				LastUpgradeCheck = 1200;
				TargetAttributes = {
					7AEDC87B2551B1BA005ED85D = {
						CreatedOnToolsVersion = 12.0.1;
					};
				};
			};
			buildConfigurationList = 7AEDC8772551B1BA005ED85D /* Build configuration list for PBXProject "Test_10-26" */;
			compatibilityVersion = "Xcode 9.3";
			developmentRegion = en;
			hasScannedForEncodings = 0;
			knownRegions = (
				en,
				Base,
			);
			mainGroup = 7AEDC8732551B1BA005ED85D;
			productRefGroup = 7AEDC87D2551B1BA005ED85D /* Products */;
			projectDirPath = "";
			projectRoot = "";
			targets = (
				7AEDC87B2551B1BA005ED85D /* Test_10-26 */,
			);
		};
/* End PBXProject section */

/* Begin PBXResourcesBuildPhase section */
		7AEDC87A2551B1BA005ED85D /* Resources */ = {
			isa = PBXResourcesBuildPhase;
			buildActionMask = 2147483647;
			files = (
				7AEDC88C2551B1BC005ED85D /* LaunchScreen.storyboard in Resources */,
				7AEDC8892551B1BC005ED85D /* Assets.xcassets in Resources */,
				7AEDC8872551B1BA005ED85D /* Main.storyboard in Resources */,
			);
			runOnlyForDeploymentPostprocessing = 0;
		};
/* End PBXResourcesBuildPhase section */

/* Begin PBXSourcesBuildPhase section */
		7AEDC8782551B1BA005ED85D /* Sources */ = {
			isa = PBXSourcesBuildPhase;
			buildActionMask = 2147483647;
			files = (
				7AEDC8842551B1BA005ED85D /* ViewController.swift in Sources */,
				7AEDC8802551B1BA005ED85D /* AppDelegate.swift in Sources */,
				7A3567B92554510F006B30E5 /* MyViewController.swift in Sources */,
				7AEDC8822551B1BA005ED85D /* SceneDelegate.swift in Sources */,
			);
			runOnlyForDeploymentPostprocessing = 0;
		};
/* End PBXSourcesBuildPhase section */

/* Begin PBXVariantGroup section */
		7AEDC8852551B1BA005ED85D /* Main.storyboard */ = {
			isa = PBXVariantGroup;
			children = (
				7AEDC8862551B1BA005ED85D /* Base */,
			);
			name = Main.storyboard;
			sourceTree = "<group>";
		};
		7AEDC88A2551B1BC005ED85D /* LaunchScreen.storyboard */ = {
			isa = PBXVariantGroup;
			children = (
				7AEDC88B2551B1BC005ED85D /* Base */,
			);
			name = LaunchScreen.storyboard;
			sourceTree = "<group>";
		};
/* End PBXVariantGroup section */

/* Begin XCBuildConfiguration section */
		7AEDC88E2551B1BC005ED85D /* Debug */ = {
			isa = XCBuildConfiguration;
			buildSettings = {
				ALWAYS_SEARCH_USER_PATHS = NO;
				CLANG_ANALYZER_NONNULL = YES;
				CLANG_ANALYZER_NUMBER_OBJECT_CONVERSION = YES_AGGRESSIVE;
				CLANG_CXX_LANGUAGE_STANDARD = "gnu++14";
				CLANG_CXX_LIBRARY = "libc++";
				CLANG_ENABLE_MODULES = YES;
				CLANG_ENABLE_OBJC_ARC = YES;
				CLANG_ENABLE_OBJC_WEAK = YES;
				CLANG_WARN_BLOCK_CAPTURE_AUTORELEASING = YES;
				CLANG_WARN_BOOL_CONVERSION = YES;
				CLANG_WARN_COMMA = YES;
				CLANG_WARN_CONSTANT_CONVERSION = YES;
				CLANG_WARN_DEPRECATED_OBJC_IMPLEMENTATIONS = YES;
				CLANG_WARN_DIRECT_OBJC_ISA_USAGE = YES_ERROR;
				CLANG_WARN_DOCUMENTATION_COMMENTS = YES;
				CLANG_WARN_EMPTY_BODY = YES;
				CLANG_WARN_ENUM_CONVERSION = YES;
				CLANG_WARN_INFINITE_RECURSION = YES;
				CLANG_WARN_INT_CONVERSION = YES;
				CLANG_WARN_NON_LITERAL_NULL_CONVERSION = YES;
				CLANG_WARN_OBJC_IMPLICIT_RETAIN_SELF = YES;
				CLANG_WARN_OBJC_LITERAL_CONVERSION = YES;
				CLANG_WARN_OBJC_ROOT_CLASS = YES_ERROR;
				CLANG_WARN_QUOTED_INCLUDE_IN_FRAMEWORK_HEADER = YES;
				CLANG_WARN_RANGE_LOOP_ANALYSIS = YES;
				CLANG_WARN_STRICT_PROTOTYPES = YES;
				CLANG_WARN_SUSPICIOUS_MOVE = YES;
				CLANG_WARN_UNGUARDED_AVAILABILITY = YES_AGGRESSIVE;
				CLANG_WARN_UNREACHABLE_CODE = YES;
				CLANG_WARN__DUPLICATE_METHOD_MATCH = YES;
				COPY_PHASE_STRIP = NO;
				DEBUG_INFORMATION_FORMAT = dwarf;
				ENABLE_STRICT_OBJC_MSGSEND = YES;
				ENABLE_TESTABILITY = YES;
				GCC_C_LANGUAGE_STANDARD = gnu11;
				GCC_DYNAMIC_NO_PIC = NO;
				GCC_NO_COMMON_BLOCKS = YES;
				GCC_OPTIMIZATION_LEVEL = 0;
				GCC_PREPROCESSOR_DEFINITIONS = (
					"DEBUG=1",
					"$(inherited)",
				);
				GCC_WARN_64_TO_32_BIT_CONVERSION = YES;
				GCC_WARN_ABOUT_RETURN_TYPE = YES_ERROR;
				GCC_WARN_UNDECLARED_SELECTOR = YES;
				GCC_WARN_UNINITIALIZED_AUTOS = YES_AGGRESSIVE;
				GCC_WARN_UNUSED_FUNCTION = YES;
				GCC_WARN_UNUSED_VARIABLE = YES;
				IPHONEOS_DEPLOYMENT_TARGET = 14.0;
				MTL_ENABLE_DEBUG_INFO = INCLUDE_SOURCE;
				MTL_FAST_MATH = YES;
				ONLY_ACTIVE_ARCH = YES;
				SDKROOT = iphoneos;
				SWIFT_ACTIVE_COMPILATION_CONDITIONS = DEBUG;
				SWIFT_OPTIMIZATION_LEVEL = "-Onone";
			};
			name = Debug;
		};
		7AEDC88F2551B1BC005ED85D /* Release */ = {
			isa = XCBuildConfiguration;
			buildSettings = {
				ALWAYS_SEARCH_USER_PATHS = NO;
				CLANG_ANALYZER_NONNULL = YES;
				CLANG_ANALYZER_NUMBER_OBJECT_CONVERSION = YES_AGGRESSIVE;
				CLANG_CXX_LANGUAGE_STANDARD = "gnu++14";
				CLANG_CXX_LIBRARY = "libc++";
				CLANG_ENABLE_MODULES = YES;
				CLANG_ENABLE_OBJC_ARC = YES;
				CLANG_ENABLE_OBJC_WEAK = YES;
				CLANG_WARN_BLOCK_CAPTURE_AUTORELEASING = YES;
				CLANG_WARN_BOOL_CONVERSION = YES;
				CLANG_WARN_COMMA = YES;
				CLANG_WARN_CONSTANT_CONVERSION = YES;
				CLANG_WARN_DEPRECATED_OBJC_IMPLEMENTATIONS = YES;
				CLANG_WARN_DIRECT_OBJC_ISA_USAGE = YES_ERROR;
				CLANG_WARN_DOCUMENTATION_COMMENTS = YES;
				CLANG_WARN_EMPTY_BODY = YES;
				CLANG_WARN_ENUM_CONVERSION = YES;
				CLANG_WARN_INFINITE_RECURSION = YES;
				CLANG_WARN_INT_CONVERSION = YES;
				CLANG_WARN_NON_LITERAL_NULL_CONVERSION = YES;
				CLANG_WARN_OBJC_IMPLICIT_RETAIN_SELF = YES;
				CLANG_WARN_OBJC_LITERAL_CONVERSION = YES;
				CLANG_WARN_OBJC_ROOT_CLASS = YES_ERROR;
				CLANG_WARN_QUOTED_INCLUDE_IN_FRAMEWORK_HEADER = YES;
				CLANG_WARN_RANGE_LOOP_ANALYSIS = YES;
				CLANG_WARN_STRICT_PROTOTYPES = YES;
				CLANG_WARN_SUSPICIOUS_MOVE = YES;
				CLANG_WARN_UNGUARDED_AVAILABILITY = YES_AGGRESSIVE;
				CLANG_WARN_UNREACHABLE_CODE = YES;
				CLANG_WARN__DUPLICATE_METHOD_MATCH = YES;
				COPY_PHASE_STRIP = NO;
				DEBUG_INFORMATION_FORMAT = "dwarf-with-dsym";
				ENABLE_NS_ASSERTIONS = NO;
				ENABLE_STRICT_OBJC_MSGSEND = YES;
				GCC_C_LANGUAGE_STANDARD = gnu11;
				GCC_NO_COMMON_BLOCKS = YES;
				GCC_WARN_64_TO_32_BIT_CONVERSION = YES;
				GCC_WARN_ABOUT_RETURN_TYPE = YES_ERROR;
				GCC_WARN_UNDECLARED_SELECTOR = YES;
				GCC_WARN_UNINITIALIZED_AUTOS = YES_AGGRESSIVE;
				GCC_WARN_UNUSED_FUNCTION = YES;
				GCC_WARN_UNUSED_VARIABLE = YES;
				IPHONEOS_DEPLOYMENT_TARGET = 14.0;
				MTL_ENABLE_DEBUG_INFO = NO;
				MTL_FAST_MATH = YES;
				SDKROOT = iphoneos;
				SWIFT_COMPILATION_MODE = wholemodule;
				SWIFT_OPTIMIZATION_LEVEL = "-O";
				VALIDATE_PRODUCT = YES;
			};
			name = Release;
		};
		7AEDC8912551B1BC005ED85D /* Debug */ = {
			isa = XCBuildConfiguration;
			buildSettings = {
				ASSETCATALOG_COMPILER_APPICON_NAME = AppIcon;
				ASSETCATALOG_COMPILER_GLOBAL_ACCENT_COLOR_NAME = AccentColor;
				CODE_SIGN_STYLE = Automatic;
				INFOPLIST_FILE = "Test_10-26/Info.plist";
				LD_RUNPATH_SEARCH_PATHS = (
					"$(inherited)",
					"@executable_path/Frameworks",
				);
				PRODUCT_BUNDLE_IDENTIFIER = "EN.Test-10-26";
				PRODUCT_NAME = "$(TARGET_NAME)";
				SWIFT_VERSION = 5.0;
				TARGETED_DEVICE_FAMILY = "1,2";
			};
			name = Debug;
		};
		7AEDC8922551B1BC005ED85D /* Release */ = {
			isa = XCBuildConfiguration;
			buildSettings = {
				ASSETCATALOG_COMPILER_APPICON_NAME = AppIcon;
				ASSETCATALOG_COMPILER_GLOBAL_ACCENT_COLOR_NAME = AccentColor;
				CODE_SIGN_STYLE = Automatic;
				INFOPLIST_FILE = "Test_10-26/Info.plist";
				LD_RUNPATH_SEARCH_PATHS = (
					"$(inherited)",
					"@executable_path/Frameworks",
				);
				PRODUCT_BUNDLE_IDENTIFIER = "EN.Test-10-26";
				PRODUCT_NAME = "$(TARGET_NAME)";
				SWIFT_VERSION = 5.0;
				TARGETED_DEVICE_FAMILY = "1,2";
			};
			name = Release;
		};
/* End XCBuildConfiguration section */

/* Begin XCConfigurationList section */
		7AEDC8772551B1BA005ED85D /* Build configuration list for PBXProject "Test_10-26" */ = {
			isa = XCConfigurationList;
			buildConfigurations = (
				7AEDC88E2551B1BC005ED85D /* Debug */,
				7AEDC88F2551B1BC005ED85D /* Release */,
			);
			defaultConfigurationIsVisible = 0;
			defaultConfigurationName = Release;
		};
		7AEDC8902551B1BC005ED85D /* Build configuration list for PBXNativeTarget "Test_10-26" */ = {
			isa = XCConfigurationList;
			buildConfigurations = (
				7AEDC8912551B1BC005ED85D /* Debug */,
				7AEDC8922551B1BC005ED85D /* Release */,
			);
			defaultConfigurationIsVisible = 0;
			defaultConfigurationName = Release;
		};
/* End XCConfigurationList section */
	};
	rootObject = 7AEDC8742551B1BA005ED85D /* Project object */;
}
